
Microsoft Visual Studio Solution File, Format Version 12.00
# Visual Studio Version 16
VisualStudioVersion = 16.0.33027.164
MinimumVisualStudioVersion = 10.0.40219.1
Project("{FAE04EC0-301F-11D3-BF4B-00C04F79EFBC}") = "LoginRegister", "LoginRegister\LoginRegister.csproj", "{B52C9B72-08B4-4CD7-B172-BA8630BE3500}"
EndProject
Global
	GlobalSection(SolutionConfigurationPlatforms) = preSolution
		Debug|Any CPU = Debug|Any CPU
		Release|Any CPU = Release|Any CPU
	EndGlobalSection
	GlobalSection(ProjectConfigurationPlatforms) = postSolution
		{B52C9B72-08B4-4CD7-B172-BA8630BE3500}.Debug|Any CPU.ActiveCfg = Debug|Any CPU
		{B52C9B72-08B4-4CD7-B172-BA8630BE3500}.Debug|Any CPU.Build.0 = Debug|Any CPU
		{B52C9B72-08B4-4CD7-B172-BA8630BE3500}.Release|Any CPU.ActiveCfg = Release|Any CPU
		{B52C9B72-08B4-4CD7-B172-BA8630BE3500}.Release|Any CPU.Build.0 = Release|Any CPU
	EndGlobalSection
	GlobalSection(SolutionProperties) = preSolution
		HideSolutionNode = FALSE
	EndGlobalSection
	GlobalSection(ExtensibilityGlobals) = postSolution
		SolutionGuid = {A19C7D1E-EAA5-4029-805F-CC2DF0710E79}
	EndGlobalSection
EndGlobal
